// !$*UTF8*$!
{
	archiveVersion = 1;
	classes = {
	};
	objectVersion = 46;
	objects = {

/* Begin PBXBuildFile section */
		6E988FBB18B5401D004CA435 /* Foundation.framework in Frameworks */ = {isa = PBXBuildFile; fileRef = 6E988FBA18B5401D004CA435 /* Foundation.framework */; };
		6E988FBD18B5401D004CA435 /* CoreGraphics.framework in Frameworks */ = {isa = PBXBuildFile; fileRef = 6E988FBC18B5401D004CA435 /* CoreGraphics.framework */; };
		6E988FBF18B5401D004CA435 /* UIKit.framework in Frameworks */ = {isa = PBXBuildFile; fileRef = 6E988FBE18B5401D004CA435 /* UIKit.framework */; };
		6E988FC518B5401D004CA435 /* InfoPlist.strings in Resources */ = {isa = PBXBuildFile; fileRef = 6E988FC318B5401D004CA435 /* InfoPlist.strings */; };
		6E988FC718B5401D004CA435 /* main.m in Sources */ = {isa = PBXBuildFile; fileRef = 6E988FC618B5401D004CA435 /* main.m */; };
		6E988FCB18B5401D004CA435 /* MGAppDelegate.m in Sources */ = {isa = PBXBuildFile; fileRef = 6E988FCA18B5401D004CA435 /* MGAppDelegate.m */; };
		6E988FCE18B5401D004CA435 /* Main_iPhone.storyboard in Resources */ = {isa = PBXBuildFile; fileRef = 6E988FCC18B5401D004CA435 /* Main_iPhone.storyboard */; };
		6E988FD118B5401D004CA435 /* Main_iPad.storyboard in Resources */ = {isa = PBXBuildFile; fileRef = 6E988FCF18B5401D004CA435 /* Main_iPad.storyboard */; };
		6E988FD418B5401D004CA435 /* MGViewController.m in Sources */ = {isa = PBXBuildFile; fileRef = 6E988FD318B5401D004CA435 /* MGViewController.m */; };
		6E988FD618B5401D004CA435 /* Images.xcassets in Resources */ = {isa = PBXBuildFile; fileRef = 6E988FD518B5401D004CA435 /* Images.xcassets */; };
		6E988FDD18B5401D004CA435 /* XCTest.framework in Frameworks */ = {isa = PBXBuildFile; fileRef = 6E988FDC18B5401D004CA435 /* XCTest.framework */; };
		6E988FDE18B5401D004CA435 /* Foundation.framework in Frameworks */ = {isa = PBXBuildFile; fileRef = 6E988FBA18B5401D004CA435 /* Foundation.framework */; };
		6E988FDF18B5401D004CA435 /* UIKit.framework in Frameworks */ = {isa = PBXBuildFile; fileRef = 6E988FBE18B5401D004CA435 /* UIKit.framework */; };
		6E988FE718B5401E004CA435 /* InfoPlist.strings in Resources */ = {isa = PBXBuildFile; fileRef = 6E988FE518B5401E004CA435 /* InfoPlist.strings */; };
		6E988FE918B5401E004CA435 /* ResizableCollectionViewDemoTests.m in Sources */ = {isa = PBXBuildFile; fileRef = 6E988FE818B5401E004CA435 /* ResizableCollectionViewDemoTests.m */; };
		6E98900218B54313004CA435 /* MGCollectionViewLayoutConstraintRulerExpander.m in Sources */ = {isa = PBXBuildFile; fileRef = 6E988FF818B54313004CA435 /* MGCollectionViewLayoutConstraintRulerExpander.m */; };
		6E98900318B54313004CA435 /* MGResizableCollectionViewLayout.m in Sources */ = {isa = PBXBuildFile; fileRef = 6E988FFA18B54313004CA435 /* MGResizableCollectionViewLayout.m */; };
		6E98900418B54313004CA435 /* MGResizableCollectionView.m in Sources */ = {isa = PBXBuildFile; fileRef = 6E988FFC18B54313004CA435 /* MGResizableCollectionView.m */; };
		6E98900518B54313004CA435 /* MGResizableCollectionViewCell.m in Sources */ = {isa = PBXBuildFile; fileRef = 6E988FFE18B54313004CA435 /* MGResizableCollectionViewCell.m */; };
		6E98900618B54313004CA435 /* MG2DTransformations.m in Sources */ = {isa = PBXBuildFile; fileRef = 6E98900118B54313004CA435 /* MG2DTransformations.m */; };
/* End PBXBuildFile section */

/* Begin PBXContainerItemProxy section */
		6E988FE018B5401D004CA435 /* PBXContainerItemProxy */ = {
			isa = PBXContainerItemProxy;
			containerPortal = 6E988FAF18B5401D004CA435 /* Project object */;
			proxyType = 1;
			remoteGlobalIDString = 6E988FB618B5401D004CA435;
			remoteInfo = ResizableCollectionViewDemo;
		};
/* End PBXContainerItemProxy section */

/* Begin PBXFileReference section */
		6E988FB718B5401D004CA435 /* ResizableCollectionViewDemo.app */ = {isa = PBXFileReference; explicitFileType = wrapper.application; includeInIndex = 0; path = ResizableCollectionViewDemo.app; sourceTree = BUILT_PRODUCTS_DIR; };
		6E988FBA18B5401D004CA435 /* Foundation.framework */ = {isa = PBXFileReference; lastKnownFileType = wrapper.framework; name = Foundation.framework; path = System/Library/Frameworks/Foundation.framework; sourceTree = SDKROOT; };
		6E988FBC18B5401D004CA435 /* CoreGraphics.framework */ = {isa = PBXFileReference; lastKnownFileType = wrapper.framework; name = CoreGraphics.framework; path = System/Library/Frameworks/CoreGraphics.framework; sourceTree = SDKROOT; };
		6E988FBE18B5401D004CA435 /* UIKit.framework */ = {isa = PBXFileReference; lastKnownFileType = wrapper.framework; name = UIKit.framework; path = System/Library/Frameworks/UIKit.framework; sourceTree = SDKROOT; };
		6E988FC218B5401D004CA435 /* ResizableCollectionViewDemo-Info.plist */ = {isa = PBXFileReference; lastKnownFileType = text.plist.xml; path = "ResizableCollectionViewDemo-Info.plist"; sourceTree = "<group>"; };
		6E988FC418B5401D004CA435 /* en */ = {isa = PBXFileReference; lastKnownFileType = text.plist.strings; name = en; path = en.lproj/InfoPlist.strings; sourceTree = "<group>"; };
		6E988FC618B5401D004CA435 /* main.m */ = {isa = PBXFileReference; lastKnownFileType = sourcecode.c.objc; path = main.m; sourceTree = "<group>"; };
		6E988FC818B5401D004CA435 /* ResizableCollectionViewDemo-Prefix.pch */ = {isa = PBXFileReference; lastKnownFileType = sourcecode.c.h; path = "ResizableCollectionViewDemo-Prefix.pch"; sourceTree = "<group>"; };
		6E988FC918B5401D004CA435 /* MGAppDelegate.h */ = {isa = PBXFileReference; lastKnownFileType = sourcecode.c.h; path = MGAppDelegate.h; sourceTree = "<group>"; };
		6E988FCA18B5401D004CA435 /* MGAppDelegate.m */ = {isa = PBXFileReference; lastKnownFileType = sourcecode.c.objc; path = MGAppDelegate.m; sourceTree = "<group>"; };
		6E988FCD18B5401D004CA435 /* Base */ = {isa = PBXFileReference; lastKnownFileType = file.storyboard; name = Base; path = Base.lproj/Main_iPhone.storyboard; sourceTree = "<group>"; };
		6E988FD018B5401D004CA435 /* Base */ = {isa = PBXFileReference; lastKnownFileType = file.storyboard; name = Base; path = Base.lproj/Main_iPad.storyboard; sourceTree = "<group>"; };
		6E988FD218B5401D004CA435 /* MGViewController.h */ = {isa = PBXFileReference; lastKnownFileType = sourcecode.c.h; path = MGViewController.h; sourceTree = "<group>"; };
		6E988FD318B5401D004CA435 /* MGViewController.m */ = {isa = PBXFileReference; lastKnownFileType = sourcecode.c.objc; path = MGViewController.m; sourceTree = "<group>"; };
		6E988FD518B5401D004CA435 /* Images.xcassets */ = {isa = PBXFileReference; lastKnownFileType = folder.assetcatalog; path = Images.xcassets; sourceTree = "<group>"; };
		6E988FDB18B5401D004CA435 /* ResizableCollectionViewDemoTests.xctest */ = {isa = PBXFileReference; explicitFileType = wrapper.cfbundle; includeInIndex = 0; path = ResizableCollectionViewDemoTests.xctest; sourceTree = BUILT_PRODUCTS_DIR; };
		6E988FDC18B5401D004CA435 /* XCTest.framework */ = {isa = PBXFileReference; lastKnownFileType = wrapper.framework; name = XCTest.framework; path = Library/Frameworks/XCTest.framework; sourceTree = DEVELOPER_DIR; };
		6E988FE418B5401E004CA435 /* ResizableCollectionViewDemoTests-Info.plist */ = {isa = PBXFileReference; lastKnownFileType = text.plist.xml; path = "ResizableCollectionViewDemoTests-Info.plist"; sourceTree = "<group>"; };
		6E988FE618B5401E004CA435 /* en */ = {isa = PBXFileReference; lastKnownFileType = text.plist.strings; name = en; path = en.lproj/InfoPlist.strings; sourceTree = "<group>"; };
		6E988FE818B5401E004CA435 /* ResizableCollectionViewDemoTests.m */ = {isa = PBXFileReference; lastKnownFileType = sourcecode.c.objc; path = ResizableCollectionViewDemoTests.m; sourceTree = "<group>"; };
		6E988FF618B54313004CA435 /* MGCollectionViewLayoutConstraintRuler.h */ = {isa = PBXFileReference; fileEncoding = 4; lastKnownFileType = sourcecode.c.h; path = MGCollectionViewLayoutConstraintRuler.h; sourceTree = "<group>"; };
		6E988FF718B54313004CA435 /* MGCollectionViewLayoutConstraintRulerExpander.h */ = {isa = PBXFileReference; fileEncoding = 4; lastKnownFileType = sourcecode.c.h; path = MGCollectionViewLayoutConstraintRulerExpander.h; sourceTree = "<group>"; };
		6E988FF818B54313004CA435 /* MGCollectionViewLayoutConstraintRulerExpander.m */ = {isa = PBXFileReference; fileEncoding = 4; lastKnownFileType = sourcecode.c.objc; path = MGCollectionViewLayoutConstraintRulerExpander.m; sourceTree = "<group>"; };
		6E988FF918B54313004CA435 /* MGResizableCollectionViewLayout.h */ = {isa = PBXFileReference; fileEncoding = 4; lastKnownFileType = sourcecode.c.h; path = MGResizableCollectionViewLayout.h; sourceTree = "<group>"; };
		6E988FFA18B54313004CA435 /* MGResizableCollectionViewLayout.m */ = {isa = PBXFileReference; fileEncoding = 4; lastKnownFileType = sourcecode.c.objc; path = MGResizableCollectionViewLayout.m; sourceTree = "<group>"; };
		6E988FFB18B54313004CA435 /* MGResizableCollectionView.h */ = {isa = PBXFileReference; fileEncoding = 4; lastKnownFileType = sourcecode.c.h; path = MGResizableCollectionView.h; sourceTree = "<group>"; };
		6E988FFC18B54313004CA435 /* MGResizableCollectionView.m */ = {isa = PBXFileReference; fileEncoding = 4; lastKnownFileType = sourcecode.c.objc; path = MGResizableCollectionView.m; sourceTree = "<group>"; };
		6E988FFD18B54313004CA435 /* MGResizableCollectionViewCell.h */ = {isa = PBXFileReference; fileEncoding = 4; lastKnownFileType = sourcecode.c.h; path = MGResizableCollectionViewCell.h; sourceTree = "<group>"; };
		6E988FFE18B54313004CA435 /* MGResizableCollectionViewCell.m */ = {isa = PBXFileReference; fileEncoding = 4; lastKnownFileType = sourcecode.c.objc; path = MGResizableCollectionViewCell.m; sourceTree = "<group>"; };
		6E98900018B54313004CA435 /* MG2DTransformations.h */ = {isa = PBXFileReference; fileEncoding = 4; lastKnownFileType = sourcecode.c.h; path = MG2DTransformations.h; sourceTree = "<group>"; };
		6E98900118B54313004CA435 /* MG2DTransformations.m */ = {isa = PBXFileReference; fileEncoding = 4; lastKnownFileType = sourcecode.c.objc; path = MG2DTransformations.m; sourceTree = "<group>"; };
/* End PBXFileReference section */

/* Begin PBXFrameworksBuildPhase section */
		6E988FB418B5401D004CA435 /* Frameworks */ = {
			isa = PBXFrameworksBuildPhase;
			buildActionMask = 2147483647;
			files = (
				6E988FBD18B5401D004CA435 /* CoreGraphics.framework in Frameworks */,
				6E988FBF18B5401D004CA435 /* UIKit.framework in Frameworks */,
				6E988FBB18B5401D004CA435 /* Foundation.framework in Frameworks */,
			);
			runOnlyForDeploymentPostprocessing = 0;
		};
		6E988FD818B5401D004CA435 /* Frameworks */ = {
			isa = PBXFrameworksBuildPhase;
			buildActionMask = 2147483647;
			files = (
				6E988FDD18B5401D004CA435 /* XCTest.framework in Frameworks */,
				6E988FDF18B5401D004CA435 /* UIKit.framework in Frameworks */,
				6E988FDE18B5401D004CA435 /* Foundation.framework in Frameworks */,
			);
			runOnlyForDeploymentPostprocessing = 0;
		};
/* End PBXFrameworksBuildPhase section */

/* Begin PBXGroup section */
		6E988FAE18B5401D004CA435 = {
			isa = PBXGroup;
			children = (
				6E988FC018B5401D004CA435 /* ResizableCollectionViewDemo */,
				6E988FE218B5401D004CA435 /* ResizableCollectionViewDemoTests */,
				6E988FB918B5401D004CA435 /* Frameworks */,
				6E988FB818B5401D004CA435 /* Products */,
			);
			sourceTree = "<group>";
		};
		6E988FB818B5401D004CA435 /* Products */ = {
			isa = PBXGroup;
			children = (
				6E988FB718B5401D004CA435 /* ResizableCollectionViewDemo.app */,
				6E988FDB18B5401D004CA435 /* ResizableCollectionViewDemoTests.xctest */,
			);
			name = Products;
			sourceTree = "<group>";
		};
		6E988FB918B5401D004CA435 /* Frameworks */ = {
			isa = PBXGroup;
			children = (
				6E988FBA18B5401D004CA435 /* Foundation.framework */,
				6E988FBC18B5401D004CA435 /* CoreGraphics.framework */,
				6E988FBE18B5401D004CA435 /* UIKit.framework */,
				6E988FDC18B5401D004CA435 /* XCTest.framework */,
			);
			name = Frameworks;
			sourceTree = "<group>";
		};
		6E988FC018B5401D004CA435 /* ResizableCollectionViewDemo */ = {
			isa = PBXGroup;
			children = (
				6E988FF418B54313004CA435 /* MGResizableCollectionView */,
				6E988FC918B5401D004CA435 /* MGAppDelegate.h */,
				6E988FCA18B5401D004CA435 /* MGAppDelegate.m */,
				6E988FCC18B5401D004CA435 /* Main_iPhone.storyboard */,
				6E988FCF18B5401D004CA435 /* Main_iPad.storyboard */,
				6E988FD218B5401D004CA435 /* MGViewController.h */,
				6E988FD318B5401D004CA435 /* MGViewController.m */,
				6E988FD518B5401D004CA435 /* Images.xcassets */,
				6E988FC118B5401D004CA435 /* Supporting Files */,
			);
			path = ResizableCollectionViewDemo;
			sourceTree = "<group>";
		};
		6E988FC118B5401D004CA435 /* Supporting Files */ = {
			isa = PBXGroup;
			children = (
				6E988FC218B5401D004CA435 /* ResizableCollectionViewDemo-Info.plist */,
				6E988FC318B5401D004CA435 /* InfoPlist.strings */,
				6E988FC618B5401D004CA435 /* main.m */,
				6E988FC818B5401D004CA435 /* ResizableCollectionViewDemo-Prefix.pch */,
			);
			name = "Supporting Files";
			sourceTree = "<group>";
		};
		6E988FE218B5401D004CA435 /* ResizableCollectionViewDemoTests */ = {
			isa = PBXGroup;
			children = (
				6E988FE818B5401E004CA435 /* ResizableCollectionViewDemoTests.m */,
				6E988FE318B5401E004CA435 /* Supporting Files */,
			);
			path = ResizableCollectionViewDemoTests;
			sourceTree = "<group>";
		};
		6E988FE318B5401E004CA435 /* Supporting Files */ = {
			isa = PBXGroup;
			children = (
				6E988FE418B5401E004CA435 /* ResizableCollectionViewDemoTests-Info.plist */,
				6E988FE518B5401E004CA435 /* InfoPlist.strings */,
			);
			name = "Supporting Files";
			sourceTree = "<group>";
		};
		6E988FF418B54313004CA435 /* MGResizableCollectionView */ = {
			isa = PBXGroup;
			children = (
				6E988FF518B54313004CA435 /* Layout */,
				6E988FFB18B54313004CA435 /* MGResizableCollectionView.h */,
				6E988FFC18B54313004CA435 /* MGResizableCollectionView.m */,
				6E988FFD18B54313004CA435 /* MGResizableCollectionViewCell.h */,
				6E988FFE18B54313004CA435 /* MGResizableCollectionViewCell.m */,
				6E988FFF18B54313004CA435 /* Utils */,
			);
			path = MGResizableCollectionView;
			sourceTree = "<group>";
		};
		6E988FF518B54313004CA435 /* Layout */ = {
			isa = PBXGroup;
			children = (
				6E988FF618B54313004CA435 /* MGCollectionViewLayoutConstraintRuler.h */,
				6E988FF718B54313004CA435 /* MGCollectionViewLayoutConstraintRulerExpander.h */,
				6E988FF818B54313004CA435 /* MGCollectionViewLayoutConstraintRulerExpander.m */,
				6E988FF918B54313004CA435 /* MGResizableCollectionViewLayout.h */,
				6E988FFA18B54313004CA435 /* MGResizableCollectionViewLayout.m */,
			);
			path = Layout;
			sourceTree = "<group>";
		};
		6E988FFF18B54313004CA435 /* Utils */ = {
			isa = PBXGroup;
			children = (
				6E98900018B54313004CA435 /* MG2DTransformations.h */,
				6E98900118B54313004CA435 /* MG2DTransformations.m */,
			);
			path = Utils;
			sourceTree = "<group>";
		};
/* End PBXGroup section */

/* Begin PBXNativeTarget section */
		6E988FB618B5401D004CA435 /* ResizableCollectionViewDemo */ = {
			isa = PBXNativeTarget;
			buildConfigurationList = 6E988FEC18B5401E004CA435 /* Build configuration list for PBXNativeTarget "ResizableCollectionViewDemo" */;
			buildPhases = (
				6E988FB318B5401D004CA435 /* Sources */,
				6E988FB418B5401D004CA435 /* Frameworks */,
				6E988FB518B5401D004CA435 /* Resources */,
			);
			buildRules = (
			);
			dependencies = (
			);
			name = ResizableCollectionViewDemo;
			productName = ResizableCollectionViewDemo;
			productReference = 6E988FB718B5401D004CA435 /* ResizableCollectionViewDemo.app */;
			productType = "com.apple.product-type.application";
		};
		6E988FDA18B5401D004CA435 /* ResizableCollectionViewDemoTests */ = {
			isa = PBXNativeTarget;
			buildConfigurationList = 6E988FEF18B5401E004CA435 /* Build configuration list for PBXNativeTarget "ResizableCollectionViewDemoTests" */;
			buildPhases = (
				6E988FD718B5401D004CA435 /* Sources */,
				6E988FD818B5401D004CA435 /* Frameworks */,
				6E988FD918B5401D004CA435 /* Resources */,
			);
			buildRules = (
			);
			dependencies = (
				6E988FE118B5401D004CA435 /* PBXTargetDependency */,
			);
			name = ResizableCollectionViewDemoTests;
			productName = ResizableCollectionViewDemoTests;
			productReference = 6E988FDB18B5401D004CA435 /* ResizableCollectionViewDemoTests.xctest */;
			productType = "com.apple.product-type.bundle.unit-test";
		};
/* End PBXNativeTarget section */

/* Begin PBXProject section */
		6E988FAF18B5401D004CA435 /* Project object */ = {
			isa = PBXProject;
			attributes = {
				CLASSPREFIX = MG;
				LastUpgradeCheck = 0500;
				ORGANIZATIONNAME = "Maros Galik";
				TargetAttributes = {
					6E988FDA18B5401D004CA435 = {
						TestTargetID = 6E988FB618B5401D004CA435;
					};
				};
			};
			buildConfigurationList = 6E988FB218B5401D004CA435 /* Build configuration list for PBXProject "ResizableCollectionViewDemo" */;
			compatibilityVersion = "Xcode 3.2";
			developmentRegion = English;
			hasScannedForEncodings = 0;
			knownRegions = (
				en,
				Base,
			);
			mainGroup = 6E988FAE18B5401D004CA435;
			productRefGroup = 6E988FB818B5401D004CA435 /* Products */;
			projectDirPath = "";
			projectRoot = "";
			targets = (
				6E988FB618B5401D004CA435 /* ResizableCollectionViewDemo */,
				6E988FDA18B5401D004CA435 /* ResizableCollectionViewDemoTests */,
			);
		};
/* End PBXProject section */

/* Begin PBXResourcesBuildPhase section */
		6E988FB518B5401D004CA435 /* Resources */ = {
			isa = PBXResourcesBuildPhase;
			buildActionMask = 2147483647;
			files = (
				6E988FD118B5401D004CA435 /* Main_iPad.storyboard in Resources */,
				6E988FD618B5401D004CA435 /* Images.xcassets in Resources */,
				6E988FCE18B5401D004CA435 /* Main_iPhone.storyboard in Resources */,
				6E988FC518B5401D004CA435 /* InfoPlist.strings in Resources */,
			);
			runOnlyForDeploymentPostprocessing = 0;
		};
		6E988FD918B5401D004CA435 /* Resources */ = {
			isa = PBXResourcesBuildPhase;
			buildActionMask = 2147483647;
			files = (
				6E988FE718B5401E004CA435 /* InfoPlist.strings in Resources */,
			);
			runOnlyForDeploymentPostprocessing = 0;
		};
/* End PBXResourcesBuildPhase section */

/* Begin PBXSourcesBuildPhase section */
		6E988FB318B5401D004CA435 /* Sources */ = {
			isa = PBXSourcesBuildPhase;
			buildActionMask = 2147483647;
			files = (
				6E98900518B54313004CA435 /* MGResizableCollectionViewCell.m in Sources */,
				6E98900418B54313004CA435 /* MGResizableCollectionView.m in Sources */,
				6E988FCB18B5401D004CA435 /* MGAppDelegate.m in Sources */,
				6E98900318B54313004CA435 /* MGResizableCollectionViewLayout.m in Sources */,
				6E98900618B54313004CA435 /* MG2DTransformations.m in Sources */,
				6E98900218B54313004CA435 /* MGCollectionViewLayoutConstraintRulerExpander.m in Sources */,
				6E988FD418B5401D004CA435 /* MGViewController.m in Sources */,
				6E988FC718B5401D004CA435 /* main.m in Sources */,
			);
			runOnlyForDeploymentPostprocessing = 0;
		};
		6E988FD718B5401D004CA435 /* Sources */ = {
			isa = PBXSourcesBuildPhase;
			buildActionMask = 2147483647;
			files = (
				6E988FE918B5401E004CA435 /* ResizableCollectionViewDemoTests.m in Sources */,
			);
			runOnlyForDeploymentPostprocessing = 0;
		};
/* End PBXSourcesBuildPhase section */

/* Begin PBXTargetDependency section */
		6E988FE118B5401D004CA435 /* PBXTargetDependency */ = {
			isa = PBXTargetDependency;
			target = 6E988FB618B5401D004CA435 /* ResizableCollectionViewDemo */;
			targetProxy = 6E988FE018B5401D004CA435 /* PBXContainerItemProxy */;
		};
/* End PBXTargetDependency section */

/* Begin PBXVariantGroup section */
		6E988FC318B5401D004CA435 /* InfoPlist.strings */ = {
			isa = PBXVariantGroup;
			children = (
				6E988FC418B5401D004CA435 /* en */,
			);
			name = InfoPlist.strings;
			sourceTree = "<group>";
		};
		6E988FCC18B5401D004CA435 /* Main_iPhone.storyboard */ = {
			isa = PBXVariantGroup;
			children = (
				6E988FCD18B5401D004CA435 /* Base */,
			);
			name = Main_iPhone.storyboard;
			sourceTree = "<group>";
		};
		6E988FCF18B5401D004CA435 /* Main_iPad.storyboard */ = {
			isa = PBXVariantGroup;
			children = (
				6E988FD018B5401D004CA435 /* Base */,
			);
			name = Main_iPad.storyboard;
			sourceTree = "<group>";
		};
		6E988FE518B5401E004CA435 /* InfoPlist.strings */ = {
			isa = PBXVariantGroup;
			children = (
				6E988FE618B5401E004CA435 /* en */,
			);
			name = InfoPlist.strings;
			sourceTree = "<group>";
		};
/* End PBXVariantGroup section */

/* Begin XCBuildConfiguration section */
		6E988FEA18B5401E004CA435 /* Debug */ = {
			isa = XCBuildConfiguration;
			buildSettings = {
				ALWAYS_SEARCH_USER_PATHS = NO;
				ARCHS = "$(ARCHS_STANDARD_INCLUDING_64_BIT)";
				CLANG_CXX_LANGUAGE_STANDARD = "gnu++0x";
				CLANG_CXX_LIBRARY = "libc++";
				CLANG_ENABLE_MODULES = YES;
				CLANG_ENABLE_OBJC_ARC = YES;
				CLANG_WARN_BOOL_CONVERSION = YES;
				CLANG_WARN_CONSTANT_CONVERSION = YES;
				CLANG_WARN_DIRECT_OBJC_ISA_USAGE = YES_ERROR;
				CLANG_WARN_EMPTY_BODY = YES;
				CLANG_WARN_ENUM_CONVERSION = YES;
				CLANG_WARN_INT_CONVERSION = YES;
				CLANG_WARN_OBJC_ROOT_CLASS = YES_ERROR;
				CLANG_WARN__DUPLICATE_METHOD_MATCH = YES;
				"CODE_SIGN_IDENTITY[sdk=iphoneos*]" = "iPhone Developer";
				COPY_PHASE_STRIP = NO;
				GCC_C_LANGUAGE_STANDARD = gnu99;
				GCC_DYNAMIC_NO_PIC = NO;
				GCC_OPTIMIZATION_LEVEL = 0;
				GCC_PREPROCESSOR_DEFINITIONS = (
					"DEBUG=1",
					"$(inherited)",
				);
				GCC_SYMBOLS_PRIVATE_EXTERN = NO;
				GCC_WARN_64_TO_32_BIT_CONVERSION = YES;
				GCC_WARN_ABOUT_RETURN_TYPE = YES_ERROR;
				GCC_WARN_UNDECLARED_SELECTOR = YES;
				GCC_WARN_UNINITIALIZED_AUTOS = YES;
				GCC_WARN_UNUSED_FUNCTION = YES;
				GCC_WARN_UNUSED_VARIABLE = YES;
				IPHONEOS_DEPLOYMENT_TARGET = 7.0;
				ONLY_ACTIVE_ARCH = YES;
				SDKROOT = iphoneos;
				TARGETED_DEVICE_FAMILY = "1,2";
			};
			name = Debug;
		};
		6E988FEB18B5401E004CA435 /* Release */ = {
			isa = XCBuildConfiguration;
			buildSettings = {
				ALWAYS_SEARCH_USER_PATHS = NO;
				ARCHS = "$(ARCHS_STANDARD_INCLUDING_64_BIT)";
				CLANG_CXX_LANGUAGE_STANDARD = "gnu++0x";
				CLANG_CXX_LIBRARY = "libc++";
				CLANG_ENABLE_MODULES = YES;
				CLANG_ENABLE_OBJC_ARC = YES;
				CLANG_WARN_BOOL_CONVERSION = YES;
				CLANG_WARN_CONSTANT_CONVERSION = YES;
				CLANG_WARN_DIRECT_OBJC_ISA_USAGE = YES_ERROR;
				CLANG_WARN_EMPTY_BODY = YES;
				CLANG_WARN_ENUM_CONVERSION = YES;
				CLANG_WARN_INT_CONVERSION = YES;
				CLANG_WARN_OBJC_ROOT_CLASS = YES_ERROR;
				CLANG_WARN__DUPLICATE_METHOD_MATCH = YES;
				"CODE_SIGN_IDENTITY[sdk=iphoneos*]" = "iPhone Developer";
				COPY_PHASE_STRIP = YES;
				ENABLE_NS_ASSERTIONS = NO;
				GCC_C_LANGUAGE_STANDARD = gnu99;
				GCC_WARN_64_TO_32_BIT_CONVERSION = YES;
				GCC_WARN_ABOUT_RETURN_TYPE = YES_ERROR;
				GCC_WARN_UNDECLARED_SELECTOR = YES;
				GCC_WARN_UNINITIALIZED_AUTOS = YES;
				GCC_WARN_UNUSED_FUNCTION = YES;
				GCC_WARN_UNUSED_VARIABLE = YES;
				IPHONEOS_DEPLOYMENT_TARGET = 7.0;
				SDKROOT = iphoneos;
				TARGETED_DEVICE_FAMILY = "1,2";
				VALIDATE_PRODUCT = YES;
			};
			name = Release;
		};
		6E988FED18B5401E004CA435 /* Debug */ = {
			isa = XCBuildConfiguration;
			buildSettings = {
				ASSETCATALOG_COMPILER_APPICON_NAME = AppIcon;
				ASSETCATALOG_COMPILER_LAUNCHIMAGE_NAME = LaunchImage;
				GCC_PRECOMPILE_PREFIX_HEADER = YES;
				GCC_PREFIX_HEADER = "ResizableCollectionViewDemo/ResizableCollectionViewDemo-Prefix.pch";
				INFOPLIST_FILE = "ResizableCollectionViewDemo/ResizableCollectionViewDemo-Info.plist";
				PRODUCT_NAME = "$(TARGET_NAME)";
				WRAPPER_EXTENSION = app;
			};
			name = Debug;
		};
		6E988FEE18B5401E004CA435 /* Release */ = {
			isa = XCBuildConfiguration;
			buildSettings = {
				ASSETCATALOG_COMPILER_APPICON_NAME = AppIcon;
				ASSETCATALOG_COMPILER_LAUNCHIMAGE_NAME = LaunchImage;
				GCC_PRECOMPILE_PREFIX_HEADER = YES;
				GCC_PREFIX_HEADER = "ResizableCollectionViewDemo/ResizableCollectionViewDemo-Prefix.pch";
				INFOPLIST_FILE = "ResizableCollectionViewDemo/ResizableCollectionViewDemo-Info.plist";
				PRODUCT_NAME = "$(TARGET_NAME)";
				WRAPPER_EXTENSION = app;
			};
			name = Release;
		};
		6E988FF018B5401E004CA435 /* Debug */ = {
			isa = XCBuildConfiguration;
			buildSettings = {
				ARCHS = "$(ARCHS_STANDARD_INCLUDING_64_BIT)";
				BUNDLE_LOADER = "$(BUILT_PRODUCTS_DIR)/ResizableCollectionViewDemo.app/ResizableCollectionViewDemo";
				FRAMEWORK_SEARCH_PATHS = (
					"$(SDKROOT)/Developer/Library/Frameworks",
					"$(inherited)",
					"$(DEVELOPER_FRAMEWORKS_DIR)",
				);
				GCC_PRECOMPILE_PREFIX_HEADER = YES;
				GCC_PREFIX_HEADER = "ResizableCollectionViewDemo/ResizableCollectionViewDemo-Prefix.pch";
				GCC_PREPROCESSOR_DEFINITIONS = (
					"DEBUG=1",
					"$(inherited)",
				);
				INFOPLIST_FILE = "ResizableCollectionViewDemoTests/ResizableCollectionViewDemoTests-Info.plist";
				PRODUCT_NAME = "$(TARGET_NAME)";
				TEST_HOST = "$(BUNDLE_LOADER)";
				WRAPPER_EXTENSION = xctest;
			};
			name = Debug;
		};
		6E988FF118B5401E004CA435 /* Release */ = {
			isa = XCBuildConfiguration;
			buildSettings = {
				ARCHS = "$(ARCHS_STANDARD_INCLUDING_64_BIT)";
				BUNDLE_LOADER = "$(BUILT_PRODUCTS_DIR)/ResizableCollectionViewDemo.app/ResizableCollectionViewDemo";
				FRAMEWORK_SEARCH_PATHS = (
					"$(SDKROOT)/Developer/Library/Frameworks",
					"$(inherited)",
					"$(DEVELOPER_FRAMEWORKS_DIR)",
				);
				GCC_PRECOMPILE_PREFIX_HEADER = YES;
				GCC_PREFIX_HEADER = "ResizableCollectionViewDemo/ResizableCollectionViewDemo-Prefix.pch";
				INFOPLIST_FILE = "ResizableCollectionViewDemoTests/ResizableCollectionViewDemoTests-Info.plist";
				PRODUCT_NAME = "$(TARGET_NAME)";
				TEST_HOST = "$(BUNDLE_LOADER)";
				WRAPPER_EXTENSION = xctest;
			};
			name = Release;
		};
/* End XCBuildConfiguration section */

/* Begin XCConfigurationList section */
		6E988FB218B5401D004CA435 /* Build configuration list for PBXProject "ResizableCollectionViewDemo" */ = {
			isa = XCConfigurationList;
			buildConfigurations = (
				6E988FEA18B5401E004CA435 /* Debug */,
				6E988FEB18B5401E004CA435 /* Release */,
			);
			defaultConfigurationIsVisible = 0;
			defaultConfigurationName = Release;
		};
		6E988FEC18B5401E004CA435 /* Build configuration list for PBXNativeTarget "ResizableCollectionViewDemo" */ = {
			isa = XCConfigurationList;
			buildConfigurations = (
				6E988FED18B5401E004CA435 /* Debug */,
				6E988FEE18B5401E004CA435 /* Release */,
			);
			defaultConfigurationIsVisible = 0;
			defaultConfigurationName = Release;
		};
		6E988FEF18B5401E004CA435 /* Build configuration list for PBXNativeTarget "ResizableCollectionViewDemoTests" */ = {
			isa = XCConfigurationList;
			buildConfigurations = (
				6E988FF018B5401E004CA435 /* Debug */,
				6E988FF118B5401E004CA435 /* Release */,
			);
			defaultConfigurationIsVisible = 0;
			defaultConfigurationName = Release;
		};
/* End XCConfigurationList section */
	};
	rootObject = 6E988FAF18B5401D004CA435 /* Project object */;
}
